
Microsoft Visual Studio Solution File, Format Version 12.00
# Visual Studio 15
Project("{FAE04EC0-301F-11D3-BF4B-00C04F79EFBC}") = "ProjectManagerWF", "ProjectManagerWF.csproj", "{4A2F447E-71DB-4FE6-ADE7-DECD9AA6573E}"
EndProject
Global
	GlobalSection(SolutionConfigurationPlatforms) = preSolution
		Debug|Any CPU = Debug|Any CPU
		Release|Any CPU = Release|Any CPU
	EndGlobalSection
	GlobalSection(ProjectConfigurationPlatforms) = postSolution
		{4A2F447E-71DB-4FE6-ADE7-DECD9AA6573E}.Debug|Any CPU.ActiveCfg = Debug|Any CPU
		{4A2F447E-71DB-4FE6-ADE7-DECD9AA6573E}.Debug|Any CPU.Build.0 = Debug|Any CPU
		{4A2F447E-71DB-4FE6-ADE7-DECD9AA6573E}.Release|Any CPU.ActiveCfg = Release|Any CPU
		{4A2F447E-71DB-4FE6-ADE7-DECD9AA6573E}.Release|Any CPU.Build.0 = Release|Any CPU
	EndGlobalSection
EndGlobal
